{"is_source_file": false, "format": "", "description": "", "external_files": [], "external_methods": [], "published": [], "classes": [], "methods": [], "calls": [], "search-terms": [], "state": 2, "file_id": 10, "knowledge_revision": 30, "git_revision": "65e3f1e293bc9b7efed54fcc8e85e32225c9233d", "hash": "9c4ed7ef73e22b872b8055bec08b8979", "format-version": 4, "code-base-name": "default", "filename": "uni_bookx_platform/post_process_status.lock", "revision_history": [{"30": "65e3f1e293bc9b7efed54fcc8e85e32225c9233d"}]}