{"is_source_file": false, "format": "", "description": "", "external_files": [], "external_methods": [], "published": [], "classes": [], "methods": [], "calls": [], "search-terms": [], "state": 2, "file_id": 28, "knowledge_revision": 86, "git_revision": "d019e080bb573b78b8a28eaae888403a85228e24", "hash": "e9b4c3b42cef0193b7fddb548d37e652", "format-version": 4, "code-base-name": "default", "filename": "uni_bookx_platform/post_process_status.lock", "revision_history": [{"86": "d019e080bb573b78b8a28eaae888403a85228e24"}]}