{"is_source_file": true, "file_id": 28, "git_revision": "d019e080bb573b78b8a28eaae888403a85228e24", "state": 1, "description": "", "external_files": [], "external_methods": [], "published": [], "classes": [], "methods": [], "calls": [], "search-terms": [], "hash": "e9b4c3b42cef0193b7fddb548d37e652", "format-version": 4, "code-base-name": "default", "filename": "uni_bookx_platform/post_process_status.lock", "knowledge_revision": 74}